
Microsoft Visual Studio Solution File, Format Version 12.00
# Visual Studio Version 16
VisualStudioVersion = 25.0.1700.7
MinimumVisualStudioVersion = 10.0.40219.1
Project("{FAE04EC0-301F-11D3-BF4B-00C04F79EFBC}") = "book_track_app", "book_track_app\book_track_app.csproj", "{455988F6-32AA-4710-98CD-8D75E2DBB218}"
EndProject
Global
	GlobalSection(SolutionConfigurationPlatforms) = preSolution
		Debug|Any CPU = Debug|Any CPU
		Release|Any CPU = Release|Any CPU
	EndGlobalSection
	GlobalSection(ProjectConfigurationPlatforms) = postSolution
		{455988F6-32AA-4710-98CD-8D75E2DBB218}.Debug|Any CPU.ActiveCfg = Debug|Any CPU
		{455988F6-32AA-4710-98CD-8D75E2DBB218}.Debug|Any CPU.Build.0 = Debug|Any CPU
		{455988F6-32AA-4710-98CD-8D75E2DBB218}.Release|Any CPU.ActiveCfg = Release|Any CPU
		{455988F6-32AA-4710-98CD-8D75E2DBB218}.Release|Any CPU.Build.0 = Release|Any CPU
	EndGlobalSection
	GlobalSection(SolutionProperties) = preSolution
		HideSolutionNode = FALSE
	EndGlobalSection
	GlobalSection(ExtensibilityGlobals) = postSolution
		SolutionGuid = {663F6F6B-975D-4DE6-827E-706B5608741A}
	EndGlobalSection
EndGlobal
